
Microsoft Visual Studio Solution File, Format Version 12.00
# Visual Studio Version 16
VisualStudioVersion = 16.0.30104.148
MinimumVisualStudioVersion = 10.0.40219.1
Project("{FAE04EC0-301F-11D3-BF4B-00C04F79EFBC}") = "BTSimpleMechAssembly", "BTSimpleMechAssembly\BTSimpleMechAssembly.csproj", "{F830D7A0-B685-4D24-9EA9-04A437678A4A}"
EndProject
Global
	GlobalSection(SolutionConfigurationPlatforms) = preSolution
		Debug|Any CPU = Debug|Any CPU
		Release|Any CPU = Release|Any CPU
	EndGlobalSection
	GlobalSection(ProjectConfigurationPlatforms) = postSolution
		{F830D7A0-B685-4D24-9EA9-04A437678A4A}.Debug|Any CPU.ActiveCfg = Debug|Any CPU
		{F830D7A0-B685-4D24-9EA9-04A437678A4A}.Debug|Any CPU.Build.0 = Debug|Any CPU
		{F830D7A0-B685-4D24-9EA9-04A437678A4A}.Release|Any CPU.ActiveCfg = Release|Any CPU
		{F830D7A0-B685-4D24-9EA9-04A437678A4A}.Release|Any CPU.Build.0 = Release|Any CPU
	EndGlobalSection
	GlobalSection(SolutionProperties) = preSolution
		HideSolutionNode = FALSE
	EndGlobalSection
	GlobalSection(ExtensibilityGlobals) = postSolution
		SolutionGuid = {D8440992-9B26-417F-9C6E-D7AF0650C7CC}
	EndGlobalSection
EndGlobal
